// !$*UTF8*$!
{
	archiveVersion = 1;
	classes = {
	};
	objectVersion = 55;
	objects = {

/* Begin PBXBuildFile section */
		0920A3CA28D8AC4400282E09 /* AppDelegate.swift in Sources */ = {isa = PBXBuildFile; fileRef = 0920A3C928D8AC4400282E09 /* AppDelegate.swift */; };
		0920A3CC28D8AC4500282E09 /* SceneDelegate.swift in Sources */ = {isa = PBXBuildFile; fileRef = 0920A3CB28D8AC4500282E09 /* SceneDelegate.swift */; };
		0920A3CE28D8AC4500282E09 /* CommentsViewController.swift in Sources */ = {isa = PBXBuildFile; fileRef = 0920A3CD28D8AC4500282E09 /* CommentsViewController.swift */; };
		0920A3D128D8AC4500282E09 /* Main.storyboard in Resources */ = {isa = PBXBuildFile; fileRef = 0920A3CF28D8AC4500282E09 /* Main.storyboard */; };
		0920A3D328D8AC4800282E09 /* Assets.xcassets in Resources */ = {isa = PBXBuildFile; fileRef = 0920A3D228D8AC4800282E09 /* Assets.xcassets */; };
		0920A3D628D8AC4800282E09 /* LaunchScreen.storyboard in Resources */ = {isa = PBXBuildFile; fileRef = 0920A3D428D8AC4800282E09 /* LaunchScreen.storyboard */; };
		0920A3E128D8AC4900282E09 /* homework3Tests.swift in Sources */ = {isa = PBXBuildFile; fileRef = 0920A3E028D8AC4900282E09 /* homework3Tests.swift */; };
		0920A3EB28D8AC4900282E09 /* homework3UITests.swift in Sources */ = {isa = PBXBuildFile; fileRef = 0920A3EA28D8AC4900282E09 /* homework3UITests.swift */; };
		0920A3ED28D8AC4900282E09 /* homework3UITestsLaunchTests.swift in Sources */ = {isa = PBXBuildFile; fileRef = 0920A3EC28D8AC4900282E09 /* homework3UITestsLaunchTests.swift */; };
		09381A1A28DB4E0E00C8E9F5 /* CommentsImageCollectionViewCell.swift in Sources */ = {isa = PBXBuildFile; fileRef = 09381A1928DB4E0D00C8E9F5 /* CommentsImageCollectionViewCell.swift */; };
		09381A1C28DB4FD200C8E9F5 /* CommentsImageViewModel.swift in Sources */ = {isa = PBXBuildFile; fileRef = 09381A1B28DB4FD200C8E9F5 /* CommentsImageViewModel.swift */; };
		09381A1E28DB512100C8E9F5 /* CommentsImageModel.swift in Sources */ = {isa = PBXBuildFile; fileRef = 09381A1D28DB512100C8E9F5 /* CommentsImageModel.swift */; };
		0990155028DA58FB00216353 /* CommentsImageViewController.swift in Sources */ = {isa = PBXBuildFile; fileRef = 0990154F28DA58FB00216353 /* CommentsImageViewController.swift */; };
		0990155228DA593000216353 /* TodoListViewController.swift in Sources */ = {isa = PBXBuildFile; fileRef = 0990155128DA593000216353 /* TodoListViewController.swift */; };
		0990155428DA596200216353 /* CommentsTableViewCell.swift in Sources */ = {isa = PBXBuildFile; fileRef = 0990155328DA596200216353 /* CommentsTableViewCell.swift */; };
		0990155628DA608700216353 /* CommentsViewModel.swift in Sources */ = {isa = PBXBuildFile; fileRef = 0990155528DA608700216353 /* CommentsViewModel.swift */; };
		0990155828DA616C00216353 /* CommentsModel.swift in Sources */ = {isa = PBXBuildFile; fileRef = 0990155728DA616C00216353 /* CommentsModel.swift */; };
		0990155A28DA674A00216353 /* CommentsEntity.swift in Sources */ = {isa = PBXBuildFile; fileRef = 0990155928DA674A00216353 /* CommentsEntity.swift */; };
		80CEEC4AFA4E4DF66EDF6685 /* Pods_homework3_homework3UITests.framework in Frameworks */ = {isa = PBXBuildFile; fileRef = 4F62167ED4037DD87103B3E8 /* Pods_homework3_homework3UITests.framework */; };
		E67D878681C28AE63EC64149 /* Pods_homework3Tests.framework in Frameworks */ = {isa = PBXBuildFile; fileRef = 5B340CFFB089EE25209BAECD /* Pods_homework3Tests.framework */; };
		F680028B1BD1B77A4105B29F /* Pods_homework3.framework in Frameworks */ = {isa = PBXBuildFile; fileRef = E00FDA0B5E3A041FCB499B8E /* Pods_homework3.framework */; };
/* End PBXBuildFile section */

/* Begin PBXContainerItemProxy section */
		0920A3DD28D8AC4900282E09 /* PBXContainerItemProxy */ = {
			isa = PBXContainerItemProxy;
			containerPortal = 0920A3BE28D8AC4400282E09 /* Project object */;
			proxyType = 1;
			remoteGlobalIDString = 0920A3C528D8AC4400282E09;
			remoteInfo = homework3;
		};
		0920A3E728D8AC4900282E09 /* PBXContainerItemProxy */ = {
			isa = PBXContainerItemProxy;
			containerPortal = 0920A3BE28D8AC4400282E09 /* Project object */;
			proxyType = 1;
			remoteGlobalIDString = 0920A3C528D8AC4400282E09;
			remoteInfo = homework3;
		};
/* End PBXContainerItemProxy section */

/* Begin PBXFileReference section */
		0920A3C628D8AC4400282E09 /* homework3.app */ = {isa = PBXFileReference; explicitFileType = wrapper.application; includeInIndex = 0; path = homework3.app; sourceTree = BUILT_PRODUCTS_DIR; };
		0920A3C928D8AC4400282E09 /* AppDelegate.swift */ = {isa = PBXFileReference; lastKnownFileType = sourcecode.swift; path = AppDelegate.swift; sourceTree = "<group>"; };
		0920A3CB28D8AC4500282E09 /* SceneDelegate.swift */ = {isa = PBXFileReference; lastKnownFileType = sourcecode.swift; path = SceneDelegate.swift; sourceTree = "<group>"; };
		0920A3CD28D8AC4500282E09 /* CommentsViewController.swift */ = {isa = PBXFileReference; lastKnownFileType = sourcecode.swift; path = CommentsViewController.swift; sourceTree = "<group>"; };
		0920A3D028D8AC4500282E09 /* Base */ = {isa = PBXFileReference; lastKnownFileType = file.storyboard; name = Base; path = Base.lproj/Main.storyboard; sourceTree = "<group>"; };
		0920A3D228D8AC4800282E09 /* Assets.xcassets */ = {isa = PBXFileReference; lastKnownFileType = folder.assetcatalog; path = Assets.xcassets; sourceTree = "<group>"; };
		0920A3D528D8AC4800282E09 /* Base */ = {isa = PBXFileReference; lastKnownFileType = file.storyboard; name = Base; path = Base.lproj/LaunchScreen.storyboard; sourceTree = "<group>"; };
		0920A3D728D8AC4800282E09 /* Info.plist */ = {isa = PBXFileReference; lastKnownFileType = text.plist.xml; path = Info.plist; sourceTree = "<group>"; };
		0920A3DC28D8AC4900282E09 /* homework3Tests.xctest */ = {isa = PBXFileReference; explicitFileType = wrapper.cfbundle; includeInIndex = 0; path = homework3Tests.xctest; sourceTree = BUILT_PRODUCTS_DIR; };
		0920A3E028D8AC4900282E09 /* homework3Tests.swift */ = {isa = PBXFileReference; lastKnownFileType = sourcecode.swift; path = homework3Tests.swift; sourceTree = "<group>"; };
		0920A3E628D8AC4900282E09 /* homework3UITests.xctest */ = {isa = PBXFileReference; explicitFileType = wrapper.cfbundle; includeInIndex = 0; path = homework3UITests.xctest; sourceTree = BUILT_PRODUCTS_DIR; };
		0920A3EA28D8AC4900282E09 /* homework3UITests.swift */ = {isa = PBXFileReference; lastKnownFileType = sourcecode.swift; path = homework3UITests.swift; sourceTree = "<group>"; };
		0920A3EC28D8AC4900282E09 /* homework3UITestsLaunchTests.swift */ = {isa = PBXFileReference; lastKnownFileType = sourcecode.swift; path = homework3UITestsLaunchTests.swift; sourceTree = "<group>"; };
		09381A1928DB4E0D00C8E9F5 /* CommentsImageCollectionViewCell.swift */ = {isa = PBXFileReference; lastKnownFileType = sourcecode.swift; path = CommentsImageCollectionViewCell.swift; sourceTree = "<group>"; };
		09381A1B28DB4FD200C8E9F5 /* CommentsImageViewModel.swift */ = {isa = PBXFileReference; lastKnownFileType = sourcecode.swift; path = CommentsImageViewModel.swift; sourceTree = "<group>"; };
		09381A1D28DB512100C8E9F5 /* CommentsImageModel.swift */ = {isa = PBXFileReference; lastKnownFileType = sourcecode.swift; path = CommentsImageModel.swift; sourceTree = "<group>"; };
		0990154F28DA58FB00216353 /* CommentsImageViewController.swift */ = {isa = PBXFileReference; lastKnownFileType = sourcecode.swift; path = CommentsImageViewController.swift; sourceTree = "<group>"; };
		0990155128DA593000216353 /* TodoListViewController.swift */ = {isa = PBXFileReference; lastKnownFileType = sourcecode.swift; path = TodoListViewController.swift; sourceTree = "<group>"; };
		0990155328DA596200216353 /* CommentsTableViewCell.swift */ = {isa = PBXFileReference; lastKnownFileType = sourcecode.swift; path = CommentsTableViewCell.swift; sourceTree = "<group>"; };
		0990155528DA608700216353 /* CommentsViewModel.swift */ = {isa = PBXFileReference; lastKnownFileType = sourcecode.swift; path = CommentsViewModel.swift; sourceTree = "<group>"; };
		0990155728DA616C00216353 /* CommentsModel.swift */ = {isa = PBXFileReference; lastKnownFileType = sourcecode.swift; path = CommentsModel.swift; sourceTree = "<group>"; };
		0990155928DA674A00216353 /* CommentsEntity.swift */ = {isa = PBXFileReference; lastKnownFileType = sourcecode.swift; path = CommentsEntity.swift; sourceTree = "<group>"; };
		15D4DC816CF2BFB09830864C /* Pods-homework3.debug.xcconfig */ = {isa = PBXFileReference; includeInIndex = 1; lastKnownFileType = text.xcconfig; name = "Pods-homework3.debug.xcconfig"; path = "Target Support Files/Pods-homework3/Pods-homework3.debug.xcconfig"; sourceTree = "<group>"; };
		16AB670B7D3E3A465D559EA4 /* Pods-homework3.release.xcconfig */ = {isa = PBXFileReference; includeInIndex = 1; lastKnownFileType = text.xcconfig; name = "Pods-homework3.release.xcconfig"; path = "Target Support Files/Pods-homework3/Pods-homework3.release.xcconfig"; sourceTree = "<group>"; };
		4F62167ED4037DD87103B3E8 /* Pods_homework3_homework3UITests.framework */ = {isa = PBXFileReference; explicitFileType = wrapper.framework; includeInIndex = 0; path = Pods_homework3_homework3UITests.framework; sourceTree = BUILT_PRODUCTS_DIR; };
		5B340CFFB089EE25209BAECD /* Pods_homework3Tests.framework */ = {isa = PBXFileReference; explicitFileType = wrapper.framework; includeInIndex = 0; path = Pods_homework3Tests.framework; sourceTree = BUILT_PRODUCTS_DIR; };
		80873D184BA450558FBA7589 /* Pods-homework3-homework3UITests.release.xcconfig */ = {isa = PBXFileReference; includeInIndex = 1; lastKnownFileType = text.xcconfig; name = "Pods-homework3-homework3UITests.release.xcconfig"; path = "Target Support Files/Pods-homework3-homework3UITests/Pods-homework3-homework3UITests.release.xcconfig"; sourceTree = "<group>"; };
		B9129527BDD5156112298427 /* Pods-homework3Tests.release.xcconfig */ = {isa = PBXFileReference; includeInIndex = 1; lastKnownFileType = text.xcconfig; name = "Pods-homework3Tests.release.xcconfig"; path = "Target Support Files/Pods-homework3Tests/Pods-homework3Tests.release.xcconfig"; sourceTree = "<group>"; };
		D56A82FD1955BF954FED9E82 /* Pods-homework3-homework3UITests.debug.xcconfig */ = {isa = PBXFileReference; includeInIndex = 1; lastKnownFileType = text.xcconfig; name = "Pods-homework3-homework3UITests.debug.xcconfig"; path = "Target Support Files/Pods-homework3-homework3UITests/Pods-homework3-homework3UITests.debug.xcconfig"; sourceTree = "<group>"; };
		E00FDA0B5E3A041FCB499B8E /* Pods_homework3.framework */ = {isa = PBXFileReference; explicitFileType = wrapper.framework; includeInIndex = 0; path = Pods_homework3.framework; sourceTree = BUILT_PRODUCTS_DIR; };
		E75C63EF17DE1C08AEE64BAE /* Pods-homework3Tests.debug.xcconfig */ = {isa = PBXFileReference; includeInIndex = 1; lastKnownFileType = text.xcconfig; name = "Pods-homework3Tests.debug.xcconfig"; path = "Target Support Files/Pods-homework3Tests/Pods-homework3Tests.debug.xcconfig"; sourceTree = "<group>"; };
/* End PBXFileReference section */

/* Begin PBXFrameworksBuildPhase section */
		0920A3C328D8AC4400282E09 /* Frameworks */ = {
			isa = PBXFrameworksBuildPhase;
			buildActionMask = 2147483647;
			files = (
				F680028B1BD1B77A4105B29F /* Pods_homework3.framework in Frameworks */,
			);
			runOnlyForDeploymentPostprocessing = 0;
		};
		0920A3D928D8AC4900282E09 /* Frameworks */ = {
			isa = PBXFrameworksBuildPhase;
			buildActionMask = 2147483647;
			files = (
				E67D878681C28AE63EC64149 /* Pods_homework3Tests.framework in Frameworks */,
			);
			runOnlyForDeploymentPostprocessing = 0;
		};
		0920A3E328D8AC4900282E09 /* Frameworks */ = {
			isa = PBXFrameworksBuildPhase;
			buildActionMask = 2147483647;
			files = (
				80CEEC4AFA4E4DF66EDF6685 /* Pods_homework3_homework3UITests.framework in Frameworks */,
			);
			runOnlyForDeploymentPostprocessing = 0;
		};
/* End PBXFrameworksBuildPhase section */

/* Begin PBXGroup section */
		0920A3BD28D8AC4400282E09 = {
			isa = PBXGroup;
			children = (
				0920A3C828D8AC4400282E09 /* homework3 */,
				0920A3DF28D8AC4900282E09 /* homework3Tests */,
				0920A3E928D8AC4900282E09 /* homework3UITests */,
				0920A3C728D8AC4400282E09 /* Products */,
				12C950A03692F4B843132A84 /* Pods */,
				1521B7554C7B5742EC78E979 /* Frameworks */,
			);
			sourceTree = "<group>";
		};
		0920A3C728D8AC4400282E09 /* Products */ = {
			isa = PBXGroup;
			children = (
				0920A3C628D8AC4400282E09 /* homework3.app */,
				0920A3DC28D8AC4900282E09 /* homework3Tests.xctest */,
				0920A3E628D8AC4900282E09 /* homework3UITests.xctest */,
			);
			name = Products;
			sourceTree = "<group>";
		};
		0920A3C828D8AC4400282E09 /* homework3 */ = {
			isa = PBXGroup;
			children = (
				0920A3C928D8AC4400282E09 /* AppDelegate.swift */,
				0920A3CB28D8AC4500282E09 /* SceneDelegate.swift */,
				0920A3CD28D8AC4500282E09 /* CommentsViewController.swift */,
				0920A3CF28D8AC4500282E09 /* Main.storyboard */,
				0920A3D228D8AC4800282E09 /* Assets.xcassets */,
				0920A3D428D8AC4800282E09 /* LaunchScreen.storyboard */,
				0920A3D728D8AC4800282E09 /* Info.plist */,
				0990154F28DA58FB00216353 /* CommentsImageViewController.swift */,
				0990155128DA593000216353 /* TodoListViewController.swift */,
				0990155328DA596200216353 /* CommentsTableViewCell.swift */,
				0990155528DA608700216353 /* CommentsViewModel.swift */,
				0990155728DA616C00216353 /* CommentsModel.swift */,
				0990155928DA674A00216353 /* CommentsEntity.swift */,
				09381A1928DB4E0D00C8E9F5 /* CommentsImageCollectionViewCell.swift */,
				09381A1B28DB4FD200C8E9F5 /* CommentsImageViewModel.swift */,
				09381A1D28DB512100C8E9F5 /* CommentsImageModel.swift */,
			);
			path = homework3;
			sourceTree = "<group>";
		};
		0920A3DF28D8AC4900282E09 /* homework3Tests */ = {
			isa = PBXGroup;
			children = (
				0920A3E028D8AC4900282E09 /* homework3Tests.swift */,
			);
			path = homework3Tests;
			sourceTree = "<group>";
		};
		0920A3E928D8AC4900282E09 /* homework3UITests */ = {
			isa = PBXGroup;
			children = (
				0920A3EA28D8AC4900282E09 /* homework3UITests.swift */,
				0920A3EC28D8AC4900282E09 /* homework3UITestsLaunchTests.swift */,
			);
			path = homework3UITests;
			sourceTree = "<group>";
		};
		12C950A03692F4B843132A84 /* Pods */ = {
			isa = PBXGroup;
			children = (
				15D4DC816CF2BFB09830864C /* Pods-homework3.debug.xcconfig */,
				16AB670B7D3E3A465D559EA4 /* Pods-homework3.release.xcconfig */,
				D56A82FD1955BF954FED9E82 /* Pods-homework3-homework3UITests.debug.xcconfig */,
				80873D184BA450558FBA7589 /* Pods-homework3-homework3UITests.release.xcconfig */,
				E75C63EF17DE1C08AEE64BAE /* Pods-homework3Tests.debug.xcconfig */,
				B9129527BDD5156112298427 /* Pods-homework3Tests.release.xcconfig */,
			);
			name = Pods;
			path = Pods;
			sourceTree = "<group>";
		};
		1521B7554C7B5742EC78E979 /* Frameworks */ = {
			isa = PBXGroup;
			children = (
				E00FDA0B5E3A041FCB499B8E /* Pods_homework3.framework */,
				4F62167ED4037DD87103B3E8 /* Pods_homework3_homework3UITests.framework */,
				5B340CFFB089EE25209BAECD /* Pods_homework3Tests.framework */,
			);
			name = Frameworks;
			sourceTree = "<group>";
		};
/* End PBXGroup section */

/* Begin PBXNativeTarget section */
		0920A3C528D8AC4400282E09 /* homework3 */ = {
			isa = PBXNativeTarget;
			buildConfigurationList = 0920A3F028D8AC4900282E09 /* Build configuration list for PBXNativeTarget "homework3" */;
			buildPhases = (
				922C3766162C7A465B5706EA /* [CP] Check Pods Manifest.lock */,
				0920A3C228D8AC4400282E09 /* Sources */,
				0920A3C328D8AC4400282E09 /* Frameworks */,
				0920A3C428D8AC4400282E09 /* Resources */,
				73B765713828E0B8FD4CD1B0 /* [CP] Embed Pods Frameworks */,
			);
			buildRules = (
			);
			dependencies = (
			);
			name = homework3;
			productName = homework3;
			productReference = 0920A3C628D8AC4400282E09 /* homework3.app */;
			productType = "com.apple.product-type.application";
		};
		0920A3DB28D8AC4900282E09 /* homework3Tests */ = {
			isa = PBXNativeTarget;
			buildConfigurationList = 0920A3F328D8AC4900282E09 /* Build configuration list for PBXNativeTarget "homework3Tests" */;
			buildPhases = (
				7A14406075650CE871CD0AB7 /* [CP] Check Pods Manifest.lock */,
				0920A3D828D8AC4900282E09 /* Sources */,
				0920A3D928D8AC4900282E09 /* Frameworks */,
				0920A3DA28D8AC4900282E09 /* Resources */,
			);
			buildRules = (
			);
			dependencies = (
				0920A3DE28D8AC4900282E09 /* PBXTargetDependency */,
			);
			name = homework3Tests;
			productName = homework3Tests;
			productReference = 0920A3DC28D8AC4900282E09 /* homework3Tests.xctest */;
			productType = "com.apple.product-type.bundle.unit-test";
		};
		0920A3E528D8AC4900282E09 /* homework3UITests */ = {
			isa = PBXNativeTarget;
			buildConfigurationList = 0920A3F628D8AC4900282E09 /* Build configuration list for PBXNativeTarget "homework3UITests" */;
			buildPhases = (
				23157CE0F70BB8E9918BD828 /* [CP] Check Pods Manifest.lock */,
				0920A3E228D8AC4900282E09 /* Sources */,
				0920A3E328D8AC4900282E09 /* Frameworks */,
				0920A3E428D8AC4900282E09 /* Resources */,
				6B1A079FC903303A248B8810 /* [CP] Embed Pods Frameworks */,
			);
			buildRules = (
			);
			dependencies = (
				0920A3E828D8AC4900282E09 /* PBXTargetDependency */,
			);
			name = homework3UITests;
			productName = homework3UITests;
			productReference = 0920A3E628D8AC4900282E09 /* homework3UITests.xctest */;
			productType = "com.apple.product-type.bundle.ui-testing";
		};
/* End PBXNativeTarget section */

/* Begin PBXProject section */
		0920A3BE28D8AC4400282E09 /* Project object */ = {
			isa = PBXProject;
			attributes = {
				BuildIndependentTargetsInParallel = 1;
				LastSwiftUpdateCheck = 1400;
				LastUpgradeCheck = 1400;
				TargetAttributes = {
					0920A3C528D8AC4400282E09 = {
						CreatedOnToolsVersion = 14.0;
					};
					0920A3DB28D8AC4900282E09 = {
						CreatedOnToolsVersion = 14.0;
						TestTargetID = 0920A3C528D8AC4400282E09;
					};
					0920A3E528D8AC4900282E09 = {
						CreatedOnToolsVersion = 14.0;
						TestTargetID = 0920A3C528D8AC4400282E09;
					};
				};
			};
			buildConfigurationList = 0920A3C128D8AC4400282E09 /* Build configuration list for PBXProject "homework3" */;
			compatibilityVersion = "Xcode 14.0";
			developmentRegion = en;
			hasScannedForEncodings = 0;
			knownRegions = (
				en,
				Base,
			);
			mainGroup = 0920A3BD28D8AC4400282E09;
			productRefGroup = 0920A3C728D8AC4400282E09 /* Products */;
			projectDirPath = "";
			projectRoot = "";
			targets = (
				0920A3C528D8AC4400282E09 /* homework3 */,
				0920A3DB28D8AC4900282E09 /* homework3Tests */,
				0920A3E528D8AC4900282E09 /* homework3UITests */,
			);
		};
/* End PBXProject section */

/* Begin PBXResourcesBuildPhase section */
		0920A3C428D8AC4400282E09 /* Resources */ = {
			isa = PBXResourcesBuildPhase;
			buildActionMask = 2147483647;
			files = (
				0920A3D628D8AC4800282E09 /* LaunchScreen.storyboard in Resources */,
				0920A3D328D8AC4800282E09 /* Assets.xcassets in Resources */,
				0920A3D128D8AC4500282E09 /* Main.storyboard in Resources */,
			);
			runOnlyForDeploymentPostprocessing = 0;
		};
		0920A3DA28D8AC4900282E09 /* Resources */ = {
			isa = PBXResourcesBuildPhase;
			buildActionMask = 2147483647;
			files = (
			);
			runOnlyForDeploymentPostprocessing = 0;
		};
		0920A3E428D8AC4900282E09 /* Resources */ = {
			isa = PBXResourcesBuildPhase;
			buildActionMask = 2147483647;
			files = (
			);
			runOnlyForDeploymentPostprocessing = 0;
		};
/* End PBXResourcesBuildPhase section */

/* Begin PBXShellScriptBuildPhase section */
		23157CE0F70BB8E9918BD828 /* [CP] Check Pods Manifest.lock */ = {
			isa = PBXShellScriptBuildPhase;
			buildActionMask = 2147483647;
			files = (
			);
			inputFileListPaths = (
			);
			inputPaths = (
				"${PODS_PODFILE_DIR_PATH}/Podfile.lock",
				"${PODS_ROOT}/Manifest.lock",
			);
			name = "[CP] Check Pods Manifest.lock";
			outputFileListPaths = (
			);
			outputPaths = (
				"$(DERIVED_FILE_DIR)/Pods-homework3-homework3UITests-checkManifestLockResult.txt",
			);
			runOnlyForDeploymentPostprocessing = 0;
			shellPath = /bin/sh;
			shellScript = "diff \"${PODS_PODFILE_DIR_PATH}/Podfile.lock\" \"${PODS_ROOT}/Manifest.lock\" > /dev/null\nif [ $? != 0 ] ; then\n    # print error to STDERR\n    echo \"error: The sandbox is not in sync with the Podfile.lock. Run 'pod install' or update your CocoaPods installation.\" >&2\n    exit 1\nfi\n# This output is used by Xcode 'outputs' to avoid re-running this script phase.\necho \"SUCCESS\" > \"${SCRIPT_OUTPUT_FILE_0}\"\n";
			showEnvVarsInLog = 0;
		};
		6B1A079FC903303A248B8810 /* [CP] Embed Pods Frameworks */ = {
			isa = PBXShellScriptBuildPhase;
			buildActionMask = 2147483647;
			files = (
			);
			inputFileListPaths = (
				"${PODS_ROOT}/Target Support Files/Pods-homework3-homework3UITests/Pods-homework3-homework3UITests-frameworks-${CONFIGURATION}-input-files.xcfilelist",
			);
			name = "[CP] Embed Pods Frameworks";
			outputFileListPaths = (
				"${PODS_ROOT}/Target Support Files/Pods-homework3-homework3UITests/Pods-homework3-homework3UITests-frameworks-${CONFIGURATION}-output-files.xcfilelist",
			);
			runOnlyForDeploymentPostprocessing = 0;
			shellPath = /bin/sh;
			shellScript = "\"${PODS_ROOT}/Target Support Files/Pods-homework3-homework3UITests/Pods-homework3-homework3UITests-frameworks.sh\"\n";
			showEnvVarsInLog = 0;
		};
		73B765713828E0B8FD4CD1B0 /* [CP] Embed Pods Frameworks */ = {
			isa = PBXShellScriptBuildPhase;
			buildActionMask = 2147483647;
			files = (
			);
			inputFileListPaths = (
				"${PODS_ROOT}/Target Support Files/Pods-homework3/Pods-homework3-frameworks-${CONFIGURATION}-input-files.xcfilelist",
			);
			name = "[CP] Embed Pods Frameworks";
			outputFileListPaths = (
				"${PODS_ROOT}/Target Support Files/Pods-homework3/Pods-homework3-frameworks-${CONFIGURATION}-output-files.xcfilelist",
			);
			runOnlyForDeploymentPostprocessing = 0;
			shellPath = /bin/sh;
			shellScript = "\"${PODS_ROOT}/Target Support Files/Pods-homework3/Pods-homework3-frameworks.sh\"\n";
			showEnvVarsInLog = 0;
		};
		7A14406075650CE871CD0AB7 /* [CP] Check Pods Manifest.lock */ = {
			isa = PBXShellScriptBuildPhase;
			buildActionMask = 2147483647;
			files = (
			);
			inputFileListPaths = (
			);
			inputPaths = (
				"${PODS_PODFILE_DIR_PATH}/Podfile.lock",
				"${PODS_ROOT}/Manifest.lock",
			);
			name = "[CP] Check Pods Manifest.lock";
			outputFileListPaths = (
			);
			outputPaths = (
				"$(DERIVED_FILE_DIR)/Pods-homework3Tests-checkManifestLockResult.txt",
			);
			runOnlyForDeploymentPostprocessing = 0;
			shellPath = /bin/sh;
			shellScript = "diff \"${PODS_PODFILE_DIR_PATH}/Podfile.lock\" \"${PODS_ROOT}/Manifest.lock\" > /dev/null\nif [ $? != 0 ] ; then\n    # print error to STDERR\n    echo \"error: The sandbox is not in sync with the Podfile.lock. Run 'pod install' or update your CocoaPods installation.\" >&2\n    exit 1\nfi\n# This output is used by Xcode 'outputs' to avoid re-running this script phase.\necho \"SUCCESS\" > \"${SCRIPT_OUTPUT_FILE_0}\"\n";
			showEnvVarsInLog = 0;
		};
		922C3766162C7A465B5706EA /* [CP] Check Pods Manifest.lock */ = {
			isa = PBXShellScriptBuildPhase;
			buildActionMask = 2147483647;
			files = (
			);
			inputFileListPaths = (
			);
			inputPaths = (
				"${PODS_PODFILE_DIR_PATH}/Podfile.lock",
				"${PODS_ROOT}/Manifest.lock",
			);
			name = "[CP] Check Pods Manifest.lock";
			outputFileListPaths = (
			);
			outputPaths = (
				"$(DERIVED_FILE_DIR)/Pods-homework3-checkManifestLockResult.txt",
			);
			runOnlyForDeploymentPostprocessing = 0;
			shellPath = /bin/sh;
			shellScript = "diff \"${PODS_PODFILE_DIR_PATH}/Podfile.lock\" \"${PODS_ROOT}/Manifest.lock\" > /dev/null\nif [ $? != 0 ] ; then\n    # print error to STDERR\n    echo \"error: The sandbox is not in sync with the Podfile.lock. Run 'pod install' or update your CocoaPods installation.\" >&2\n    exit 1\nfi\n# This output is used by Xcode 'outputs' to avoid re-running this script phase.\necho \"SUCCESS\" > \"${SCRIPT_OUTPUT_FILE_0}\"\n";
			showEnvVarsInLog = 0;
		};
/* End PBXShellScriptBuildPhase section */

/* Begin PBXSourcesBuildPhase section */
		0920A3C228D8AC4400282E09 /* Sources */ = {
			isa = PBXSourcesBuildPhase;
			buildActionMask = 2147483647;
			files = (
				09381A1A28DB4E0E00C8E9F5 /* CommentsImageCollectionViewCell.swift in Sources */,
				09381A1C28DB4FD200C8E9F5 /* CommentsImageViewModel.swift in Sources */,
				0990155028DA58FB00216353 /* CommentsImageViewController.swift in Sources */,
				0990155428DA596200216353 /* CommentsTableViewCell.swift in Sources */,
				0920A3CE28D8AC4500282E09 /* CommentsViewController.swift in Sources */,
				0990155A28DA674A00216353 /* CommentsEntity.swift in Sources */,
				0920A3CA28D8AC4400282E09 /* AppDelegate.swift in Sources */,
				0920A3CC28D8AC4500282E09 /* SceneDelegate.swift in Sources */,
				0990155828DA616C00216353 /* CommentsModel.swift in Sources */,
				09381A1E28DB512100C8E9F5 /* CommentsImageModel.swift in Sources */,
				0990155628DA608700216353 /* CommentsViewModel.swift in Sources */,
				0990155228DA593000216353 /* TodoListViewController.swift in Sources */,
			);
			runOnlyForDeploymentPostprocessing = 0;
		};
		0920A3D828D8AC4900282E09 /* Sources */ = {
			isa = PBXSourcesBuildPhase;
			buildActionMask = 2147483647;
			files = (
				0920A3E128D8AC4900282E09 /* homework3Tests.swift in Sources */,
			);
			runOnlyForDeploymentPostprocessing = 0;
		};
		0920A3E228D8AC4900282E09 /* Sources */ = {
			isa = PBXSourcesBuildPhase;
			buildActionMask = 2147483647;
			files = (
				0920A3ED28D8AC4900282E09 /* homework3UITestsLaunchTests.swift in Sources */,
				0920A3EB28D8AC4900282E09 /* homework3UITests.swift in Sources */,
			);
			runOnlyForDeploymentPostprocessing = 0;
		};
/* End PBXSourcesBuildPhase section */

/* Begin PBXTargetDependency section */
		0920A3DE28D8AC4900282E09 /* PBXTargetDependency */ = {
			isa = PBXTargetDependency;
			target = 0920A3C528D8AC4400282E09 /* homework3 */;
			targetProxy = 0920A3DD28D8AC4900282E09 /* PBXContainerItemProxy */;
		};
		0920A3E828D8AC4900282E09 /* PBXTargetDependency */ = {
			isa = PBXTargetDependency;
			target = 0920A3C528D8AC4400282E09 /* homework3 */;
			targetProxy = 0920A3E728D8AC4900282E09 /* PBXContainerItemProxy */;
		};
/* End PBXTargetDependency section */

/* Begin PBXVariantGroup section */
		0920A3CF28D8AC4500282E09 /* Main.storyboard */ = {
			isa = PBXVariantGroup;
			children = (
				0920A3D028D8AC4500282E09 /* Base */,
			);
			name = Main.storyboard;
			sourceTree = "<group>";
		};
		0920A3D428D8AC4800282E09 /* LaunchScreen.storyboard */ = {
			isa = PBXVariantGroup;
			children = (
				0920A3D528D8AC4800282E09 /* Base */,
			);
			name = LaunchScreen.storyboard;
			sourceTree = "<group>";
		};
/* End PBXVariantGroup section */

/* Begin XCBuildConfiguration section */
		0920A3EE28D8AC4900282E09 /* Debug */ = {
			isa = XCBuildConfiguration;
			buildSettings = {
				ALWAYS_SEARCH_USER_PATHS = NO;
				CLANG_ANALYZER_NONNULL = YES;
				CLANG_ANALYZER_NUMBER_OBJECT_CONVERSION = YES_AGGRESSIVE;
				CLANG_CXX_LANGUAGE_STANDARD = "gnu++20";
				CLANG_ENABLE_MODULES = YES;
				CLANG_ENABLE_OBJC_ARC = YES;
				CLANG_ENABLE_OBJC_WEAK = YES;
				CLANG_WARN_BLOCK_CAPTURE_AUTORELEASING = YES;
				CLANG_WARN_BOOL_CONVERSION = YES;
				CLANG_WARN_COMMA = YES;
				CLANG_WARN_CONSTANT_CONVERSION = YES;
				CLANG_WARN_DEPRECATED_OBJC_IMPLEMENTATIONS = YES;
				CLANG_WARN_DIRECT_OBJC_ISA_USAGE = YES_ERROR;
				CLANG_WARN_DOCUMENTATION_COMMENTS = YES;
				CLANG_WARN_EMPTY_BODY = YES;
				CLANG_WARN_ENUM_CONVERSION = YES;
				CLANG_WARN_INFINITE_RECURSION = YES;
				CLANG_WARN_INT_CONVERSION = YES;
				CLANG_WARN_NON_LITERAL_NULL_CONVERSION = YES;
				CLANG_WARN_OBJC_IMPLICIT_RETAIN_SELF = YES;
				CLANG_WARN_OBJC_LITERAL_CONVERSION = YES;
				CLANG_WARN_OBJC_ROOT_CLASS = YES_ERROR;
				CLANG_WARN_QUOTED_INCLUDE_IN_FRAMEWORK_HEADER = YES;
				CLANG_WARN_RANGE_LOOP_ANALYSIS = YES;
				CLANG_WARN_STRICT_PROTOTYPES = YES;
				CLANG_WARN_SUSPICIOUS_MOVE = YES;
				CLANG_WARN_UNGUARDED_AVAILABILITY = YES_AGGRESSIVE;
				CLANG_WARN_UNREACHABLE_CODE = YES;
				CLANG_WARN__DUPLICATE_METHOD_MATCH = YES;
				COPY_PHASE_STRIP = NO;
				DEBUG_INFORMATION_FORMAT = dwarf;
				ENABLE_STRICT_OBJC_MSGSEND = YES;
				ENABLE_TESTABILITY = YES;
				GCC_C_LANGUAGE_STANDARD = gnu11;
				GCC_DYNAMIC_NO_PIC = NO;
				GCC_NO_COMMON_BLOCKS = YES;
				GCC_OPTIMIZATION_LEVEL = 0;
				GCC_PREPROCESSOR_DEFINITIONS = (
					"DEBUG=1",
					"$(inherited)",
				);
				GCC_WARN_64_TO_32_BIT_CONVERSION = YES;
				GCC_WARN_ABOUT_RETURN_TYPE = YES_ERROR;
				GCC_WARN_UNDECLARED_SELECTOR = YES;
				GCC_WARN_UNINITIALIZED_AUTOS = YES_AGGRESSIVE;
				GCC_WARN_UNUSED_FUNCTION = YES;
				GCC_WARN_UNUSED_VARIABLE = YES;
				IPHONEOS_DEPLOYMENT_TARGET = 16.0;
				MTL_ENABLE_DEBUG_INFO = INCLUDE_SOURCE;
				MTL_FAST_MATH = YES;
				ONLY_ACTIVE_ARCH = YES;
				SDKROOT = iphoneos;
				SWIFT_ACTIVE_COMPILATION_CONDITIONS = DEBUG;
				SWIFT_OPTIMIZATION_LEVEL = "-Onone";
			};
			name = Debug;
		};
		0920A3EF28D8AC4900282E09 /* Release */ = {
			isa = XCBuildConfiguration;
			buildSettings = {
				ALWAYS_SEARCH_USER_PATHS = NO;
				CLANG_ANALYZER_NONNULL = YES;
				CLANG_ANALYZER_NUMBER_OBJECT_CONVERSION = YES_AGGRESSIVE;
				CLANG_CXX_LANGUAGE_STANDARD = "gnu++20";
				CLANG_ENABLE_MODULES = YES;
				CLANG_ENABLE_OBJC_ARC = YES;
				CLANG_ENABLE_OBJC_WEAK = YES;
				CLANG_WARN_BLOCK_CAPTURE_AUTORELEASING = YES;
				CLANG_WARN_BOOL_CONVERSION = YES;
				CLANG_WARN_COMMA = YES;
				CLANG_WARN_CONSTANT_CONVERSION = YES;
				CLANG_WARN_DEPRECATED_OBJC_IMPLEMENTATIONS = YES;
				CLANG_WARN_DIRECT_OBJC_ISA_USAGE = YES_ERROR;
				CLANG_WARN_DOCUMENTATION_COMMENTS = YES;
				CLANG_WARN_EMPTY_BODY = YES;
				CLANG_WARN_ENUM_CONVERSION = YES;
				CLANG_WARN_INFINITE_RECURSION = YES;
				CLANG_WARN_INT_CONVERSION = YES;
				CLANG_WARN_NON_LITERAL_NULL_CONVERSION = YES;
				CLANG_WARN_OBJC_IMPLICIT_RETAIN_SELF = YES;
				CLANG_WARN_OBJC_LITERAL_CONVERSION = YES;
				CLANG_WARN_OBJC_ROOT_CLASS = YES_ERROR;
				CLANG_WARN_QUOTED_INCLUDE_IN_FRAMEWORK_HEADER = YES;
				CLANG_WARN_RANGE_LOOP_ANALYSIS = YES;
				CLANG_WARN_STRICT_PROTOTYPES = YES;
				CLANG_WARN_SUSPICIOUS_MOVE = YES;
				CLANG_WARN_UNGUARDED_AVAILABILITY = YES_AGGRESSIVE;
				CLANG_WARN_UNREACHABLE_CODE = YES;
				CLANG_WARN__DUPLICATE_METHOD_MATCH = YES;
				COPY_PHASE_STRIP = NO;
				DEBUG_INFORMATION_FORMAT = "dwarf-with-dsym";
				ENABLE_NS_ASSERTIONS = NO;
				ENABLE_STRICT_OBJC_MSGSEND = YES;
				GCC_C_LANGUAGE_STANDARD = gnu11;
				GCC_NO_COMMON_BLOCKS = YES;
				GCC_WARN_64_TO_32_BIT_CONVERSION = YES;
				GCC_WARN_ABOUT_RETURN_TYPE = YES_ERROR;
				GCC_WARN_UNDECLARED_SELECTOR = YES;
				GCC_WARN_UNINITIALIZED_AUTOS = YES_AGGRESSIVE;
				GCC_WARN_UNUSED_FUNCTION = YES;
				GCC_WARN_UNUSED_VARIABLE = YES;
				IPHONEOS_DEPLOYMENT_TARGET = 16.0;
				MTL_ENABLE_DEBUG_INFO = NO;
				MTL_FAST_MATH = YES;
				SDKROOT = iphoneos;
				SWIFT_COMPILATION_MODE = wholemodule;
				SWIFT_OPTIMIZATION_LEVEL = "-O";
				VALIDATE_PRODUCT = YES;
			};
			name = Release;
		};
		0920A3F128D8AC4900282E09 /* Debug */ = {
			isa = XCBuildConfiguration;
			baseConfigurationReference = 15D4DC816CF2BFB09830864C /* Pods-homework3.debug.xcconfig */;
			buildSettings = {
				ASSETCATALOG_COMPILER_APPICON_NAME = AppIcon;
				ASSETCATALOG_COMPILER_GLOBAL_ACCENT_COLOR_NAME = AccentColor;
				CODE_SIGN_STYLE = Automatic;
				CURRENT_PROJECT_VERSION = 1;
				DEVELOPMENT_TEAM = 5H266929N4;
				GENERATE_INFOPLIST_FILE = YES;
				INFOPLIST_FILE = homework3/Info.plist;
				INFOPLIST_KEY_UIApplicationSupportsIndirectInputEvents = YES;
				INFOPLIST_KEY_UILaunchStoryboardName = LaunchScreen;
				INFOPLIST_KEY_UIMainStoryboardFile = Main;
				INFOPLIST_KEY_UISupportedInterfaceOrientations_iPad = "UIInterfaceOrientationPortrait UIInterfaceOrientationPortraitUpsideDown UIInterfaceOrientationLandscapeLeft UIInterfaceOrientationLandscapeRight";
				INFOPLIST_KEY_UISupportedInterfaceOrientations_iPhone = "UIInterfaceOrientationPortrait UIInterfaceOrientationLandscapeLeft UIInterfaceOrientationLandscapeRight";
				LD_RUNPATH_SEARCH_PATHS = (
					"$(inherited)",
					"@executable_path/Frameworks",
				);
				MARKETING_VERSION = 1.0;
				PRODUCT_BUNDLE_IDENTIFIER = yaseminsalan.com.homework3;
				PRODUCT_NAME = "$(TARGET_NAME)";
				SWIFT_EMIT_LOC_STRINGS = YES;
				SWIFT_VERSION = 5.0;
				TARGETED_DEVICE_FAMILY = "1,2";
			};
			name = Debug;
		};
		0920A3F228D8AC4900282E09 /* Release */ = {
			isa = XCBuildConfiguration;
			baseConfigurationReference = 16AB670B7D3E3A465D559EA4 /* Pods-homework3.release.xcconfig */;
			buildSettings = {
				ASSETCATALOG_COMPILER_APPICON_NAME = AppIcon;
				ASSETCATALOG_COMPILER_GLOBAL_ACCENT_COLOR_NAME = AccentColor;
				CODE_SIGN_STYLE = Automatic;
				CURRENT_PROJECT_VERSION = 1;
				DEVELOPMENT_TEAM = 5H266929N4;
				GENERATE_INFOPLIST_FILE = YES;
				INFOPLIST_FILE = homework3/Info.plist;
				INFOPLIST_KEY_UIApplicationSupportsIndirectInputEvents = YES;
				INFOPLIST_KEY_UILaunchStoryboardName = LaunchScreen;
				INFOPLIST_KEY_UIMainStoryboardFile = Main;
				INFOPLIST_KEY_UISupportedInterfaceOrientations_iPad = "UIInterfaceOrientationPortrait UIInterfaceOrientationPortraitUpsideDown UIInterfaceOrientationLandscapeLeft UIInterfaceOrientationLandscapeRight";
				INFOPLIST_KEY_UISupportedInterfaceOrientations_iPhone = "UIInterfaceOrientationPortrait UIInterfaceOrientationLandscapeLeft UIInterfaceOrientationLandscapeRight";
				LD_RUNPATH_SEARCH_PATHS = (
					"$(inherited)",
					"@executable_path/Frameworks",
				);
				MARKETING_VERSION = 1.0;
				PRODUCT_BUNDLE_IDENTIFIER = yaseminsalan.com.homework3;
				PRODUCT_NAME = "$(TARGET_NAME)";
				SWIFT_EMIT_LOC_STRINGS = YES;
				SWIFT_VERSION = 5.0;
				TARGETED_DEVICE_FAMILY = "1,2";
			};
			name = Release;
		};
		0920A3F428D8AC4900282E09 /* Debug */ = {
			isa = XCBuildConfiguration;
			baseConfigurationReference = E75C63EF17DE1C08AEE64BAE /* Pods-homework3Tests.debug.xcconfig */;
			buildSettings = {
				ALWAYS_EMBED_SWIFT_STANDARD_LIBRARIES = YES;
				BUNDLE_LOADER = "$(TEST_HOST)";
				CODE_SIGN_STYLE = Automatic;
				CURRENT_PROJECT_VERSION = 1;
				DEVELOPMENT_TEAM = 5H266929N4;
				GENERATE_INFOPLIST_FILE = YES;
				IPHONEOS_DEPLOYMENT_TARGET = 16.0;
				MARKETING_VERSION = 1.0;
				PRODUCT_BUNDLE_IDENTIFIER = yaseminsalan.com.homework3Tests;
				PRODUCT_NAME = "$(TARGET_NAME)";
				SWIFT_EMIT_LOC_STRINGS = NO;
				SWIFT_VERSION = 5.0;
				TARGETED_DEVICE_FAMILY = "1,2";
				TEST_HOST = "$(BUILT_PRODUCTS_DIR)/homework3.app/$(BUNDLE_EXECUTABLE_FOLDER_PATH)/homework3";
			};
			name = Debug;
		};
		0920A3F528D8AC4900282E09 /* Release */ = {
			isa = XCBuildConfiguration;
			baseConfigurationReference = B9129527BDD5156112298427 /* Pods-homework3Tests.release.xcconfig */;
			buildSettings = {
				ALWAYS_EMBED_SWIFT_STANDARD_LIBRARIES = YES;
				BUNDLE_LOADER = "$(TEST_HOST)";
				CODE_SIGN_STYLE = Automatic;
				CURRENT_PROJECT_VERSION = 1;
				DEVELOPMENT_TEAM = 5H266929N4;
				GENERATE_INFOPLIST_FILE = YES;
				IPHONEOS_DEPLOYMENT_TARGET = 16.0;
				MARKETING_VERSION = 1.0;
				PRODUCT_BUNDLE_IDENTIFIER = yaseminsalan.com.homework3Tests;
				PRODUCT_NAME = "$(TARGET_NAME)";
				SWIFT_EMIT_LOC_STRINGS = NO;
				SWIFT_VERSION = 5.0;
				TARGETED_DEVICE_FAMILY = "1,2";
				TEST_HOST = "$(BUILT_PRODUCTS_DIR)/homework3.app/$(BUNDLE_EXECUTABLE_FOLDER_PATH)/homework3";
			};
			name = Release;
		};
		0920A3F728D8AC4900282E09 /* Debug */ = {
			isa = XCBuildConfiguration;
			baseConfigurationReference = D56A82FD1955BF954FED9E82 /* Pods-homework3-homework3UITests.debug.xcconfig */;
			buildSettings = {
				ALWAYS_EMBED_SWIFT_STANDARD_LIBRARIES = YES;
				CODE_SIGN_STYLE = Automatic;
				CURRENT_PROJECT_VERSION = 1;
				DEVELOPMENT_TEAM = 5H266929N4;
				GENERATE_INFOPLIST_FILE = YES;
				MARKETING_VERSION = 1.0;
				PRODUCT_BUNDLE_IDENTIFIER = yaseminsalan.com.homework3UITests;
				PRODUCT_NAME = "$(TARGET_NAME)";
				SWIFT_EMIT_LOC_STRINGS = NO;
				SWIFT_VERSION = 5.0;
				TARGETED_DEVICE_FAMILY = "1,2";
				TEST_TARGET_NAME = homework3;
			};
			name = Debug;
		};
		0920A3F828D8AC4900282E09 /* Release */ = {
			isa = XCBuildConfiguration;
			baseConfigurationReference = 80873D184BA450558FBA7589 /* Pods-homework3-homework3UITests.release.xcconfig */;
			buildSettings = {
				ALWAYS_EMBED_SWIFT_STANDARD_LIBRARIES = YES;
				CODE_SIGN_STYLE = Automatic;
				CURRENT_PROJECT_VERSION = 1;
				DEVELOPMENT_TEAM = 5H266929N4;
				GENERATE_INFOPLIST_FILE = YES;
				MARKETING_VERSION = 1.0;
				PRODUCT_BUNDLE_IDENTIFIER = yaseminsalan.com.homework3UITests;
				PRODUCT_NAME = "$(TARGET_NAME)";
				SWIFT_EMIT_LOC_STRINGS = NO;
				SWIFT_VERSION = 5.0;
				TARGETED_DEVICE_FAMILY = "1,2";
				TEST_TARGET_NAME = homework3;
			};
			name = Release;
		};
/* End XCBuildConfiguration section */

/* Begin XCConfigurationList section */
		0920A3C128D8AC4400282E09 /* Build configuration list for PBXProject "homework3" */ = {
			isa = XCConfigurationList;
			buildConfigurations = (
				0920A3EE28D8AC4900282E09 /* Debug */,
				0920A3EF28D8AC4900282E09 /* Release */,
			);
			defaultConfigurationIsVisible = 0;
			defaultConfigurationName = Release;
		};
		0920A3F028D8AC4900282E09 /* Build configuration list for PBXNativeTarget "homework3" */ = {
			isa = XCConfigurationList;
			buildConfigurations = (
				0920A3F128D8AC4900282E09 /* Debug */,
				0920A3F228D8AC4900282E09 /* Release */,
			);
			defaultConfigurationIsVisible = 0;
			defaultConfigurationName = Release;
		};
		0920A3F328D8AC4900282E09 /* Build configuration list for PBXNativeTarget "homework3Tests" */ = {
			isa = XCConfigurationList;
			buildConfigurations = (
				0920A3F428D8AC4900282E09 /* Debug */,
				0920A3F528D8AC4900282E09 /* Release */,
			);
			defaultConfigurationIsVisible = 0;
			defaultConfigurationName = Release;
		};
		0920A3F628D8AC4900282E09 /* Build configuration list for PBXNativeTarget "homework3UITests" */ = {
			isa = XCConfigurationList;
			buildConfigurations = (
				0920A3F728D8AC4900282E09 /* Debug */,
				0920A3F828D8AC4900282E09 /* Release */,
			);
			defaultConfigurationIsVisible = 0;
			defaultConfigurationName = Release;
		};
/* End XCConfigurationList section */
	};
	rootObject = 0920A3BE28D8AC4400282E09 /* Project object */;
}
